
Microsoft Visual Studio Solution File, Format Version 12.00
# Visual Studio 15
VisualStudioVersion = 15.0.28010.2050
MinimumVisualStudioVersion = 10.0.40219.1
Project("{2150E333-8FDC-42A3-9474-1A3956D46DE8}") = "src", "src", "{6CDE2EFA-0DA9-4571-9DCA-A25407227704}"
EndProject
Project("{2150E333-8FDC-42A3-9474-1A3956D46DE8}") = "tests", "tests", "{1625EAFF-D537-45E6-A2E7-BA80C6D9E936}"
EndProject
Project("{FAE04EC0-301F-11D3-BF4B-00C04F79EFBC}") = "Donut.UI", "src\Donut.UI\Donut.UI.csproj", "{09833161-E031-408A-8FC8-565D5C6BAFC2}"
EndProject
Project("{FAE04EC0-301F-11D3-BF4B-00C04F79EFBC}") = "Donut.Infrastructure", "src\Donut.Infrastructure\Donut.Infrastructure.csproj", "{0E2B8A78-3EB8-4F07-948D-A04AB63C15E4}"
EndProject
Project("{FAE04EC0-301F-11D3-BF4B-00C04F79EFBC}") = "Donut.Core", "src\Donut.Core\Donut.Core.csproj", "{C08D8DDF-8ADF-4901-9DBC-68B27614C68F}"
EndProject
Global
	GlobalSection(SolutionConfigurationPlatforms) = preSolution
		Debug|Any CPU = Debug|Any CPU
		Release|Any CPU = Release|Any CPU
	EndGlobalSection
	GlobalSection(ProjectConfigurationPlatforms) = postSolution
		{09833161-E031-408A-8FC8-565D5C6BAFC2}.Debug|Any CPU.ActiveCfg = Debug|Any CPU
		{09833161-E031-408A-8FC8-565D5C6BAFC2}.Debug|Any CPU.Build.0 = Debug|Any CPU
		{09833161-E031-408A-8FC8-565D5C6BAFC2}.Release|Any CPU.ActiveCfg = Release|Any CPU
		{09833161-E031-408A-8FC8-565D5C6BAFC2}.Release|Any CPU.Build.0 = Release|Any CPU
		{0E2B8A78-3EB8-4F07-948D-A04AB63C15E4}.Debug|Any CPU.ActiveCfg = Debug|Any CPU
		{0E2B8A78-3EB8-4F07-948D-A04AB63C15E4}.Debug|Any CPU.Build.0 = Debug|Any CPU
		{0E2B8A78-3EB8-4F07-948D-A04AB63C15E4}.Release|Any CPU.ActiveCfg = Release|Any CPU
		{0E2B8A78-3EB8-4F07-948D-A04AB63C15E4}.Release|Any CPU.Build.0 = Release|Any CPU
		{C08D8DDF-8ADF-4901-9DBC-68B27614C68F}.Debug|Any CPU.ActiveCfg = Debug|Any CPU
		{C08D8DDF-8ADF-4901-9DBC-68B27614C68F}.Debug|Any CPU.Build.0 = Debug|Any CPU
		{C08D8DDF-8ADF-4901-9DBC-68B27614C68F}.Release|Any CPU.ActiveCfg = Release|Any CPU
		{C08D8DDF-8ADF-4901-9DBC-68B27614C68F}.Release|Any CPU.Build.0 = Release|Any CPU
	EndGlobalSection
	GlobalSection(SolutionProperties) = preSolution
		HideSolutionNode = FALSE
	EndGlobalSection
	GlobalSection(NestedProjects) = preSolution
		{09833161-E031-408A-8FC8-565D5C6BAFC2} = {6CDE2EFA-0DA9-4571-9DCA-A25407227704}
		{0E2B8A78-3EB8-4F07-948D-A04AB63C15E4} = {6CDE2EFA-0DA9-4571-9DCA-A25407227704}
		{C08D8DDF-8ADF-4901-9DBC-68B27614C68F} = {6CDE2EFA-0DA9-4571-9DCA-A25407227704}
	EndGlobalSection
	GlobalSection(ExtensibilityGlobals) = postSolution
		SolutionGuid = {76A1DF35-1051-42E6-8166-32CA848488E8}
	EndGlobalSection
EndGlobal
